
Microsoft Visual Studio Solution File, Format Version 12.00
# Visual Studio Version 16
VisualStudioVersion = 16.0.29806.167
MinimumVisualStudioVersion = 10.0.40219.1
Project("{9A19103F-16F7-4668-BE54-9A1E7A4F7556}") = "ThatBlokeCalledJay.EmailClients", "ThatBlokeCalledJay.EmailClients\ThatBlokeCalledJay.EmailClients.csproj", "{2EF247BC-C21C-4B73-B12F-53E609D7CC12}"
EndProject
Project("{9A19103F-16F7-4668-BE54-9A1E7A4F7556}") = "ThatBlokeCalledJay.EmailClients.Tests", "ThatBlokeCalledJay.EmailClients.Tests\ThatBlokeCalledJay.EmailClients.Tests.csproj", "{3931B31F-59E0-4A05-92DB-8AC6A9C398DB}"
EndProject
Project("{FAE04EC0-301F-11D3-BF4B-00C04F79EFBC}") = "ThatBlokeCalledJay.EmailClients.SendGrid", "ThatBlokeCalledJay.EmailClients.SendGrid\ThatBlokeCalledJay.EmailClients.SendGrid.csproj", "{D21AF531-C68C-47F0-B994-1CB1713C3F84}"
EndProject
Global
	GlobalSection(SolutionConfigurationPlatforms) = preSolution
		Debug|Any CPU = Debug|Any CPU
		Release|Any CPU = Release|Any CPU
	EndGlobalSection
	GlobalSection(ProjectConfigurationPlatforms) = postSolution
		{2EF247BC-C21C-4B73-B12F-53E609D7CC12}.Debug|Any CPU.ActiveCfg = Debug|Any CPU
		{2EF247BC-C21C-4B73-B12F-53E609D7CC12}.Debug|Any CPU.Build.0 = Debug|Any CPU
		{2EF247BC-C21C-4B73-B12F-53E609D7CC12}.Release|Any CPU.ActiveCfg = Release|Any CPU
		{2EF247BC-C21C-4B73-B12F-53E609D7CC12}.Release|Any CPU.Build.0 = Release|Any CPU
		{3931B31F-59E0-4A05-92DB-8AC6A9C398DB}.Debug|Any CPU.ActiveCfg = Debug|Any CPU
		{3931B31F-59E0-4A05-92DB-8AC6A9C398DB}.Debug|Any CPU.Build.0 = Debug|Any CPU
		{3931B31F-59E0-4A05-92DB-8AC6A9C398DB}.Release|Any CPU.ActiveCfg = Release|Any CPU
		{3931B31F-59E0-4A05-92DB-8AC6A9C398DB}.Release|Any CPU.Build.0 = Release|Any CPU
		{D21AF531-C68C-47F0-B994-1CB1713C3F84}.Debug|Any CPU.ActiveCfg = Debug|Any CPU
		{D21AF531-C68C-47F0-B994-1CB1713C3F84}.Debug|Any CPU.Build.0 = Debug|Any CPU
		{D21AF531-C68C-47F0-B994-1CB1713C3F84}.Release|Any CPU.ActiveCfg = Release|Any CPU
		{D21AF531-C68C-47F0-B994-1CB1713C3F84}.Release|Any CPU.Build.0 = Release|Any CPU
	EndGlobalSection
	GlobalSection(SolutionProperties) = preSolution
		HideSolutionNode = FALSE
	EndGlobalSection
	GlobalSection(ExtensibilityGlobals) = postSolution
		SolutionGuid = {091D6C75-6FE7-4369-841F-39E3809FA5BD}
	EndGlobalSection
EndGlobal
